// !$*UTF8*$!
{
	archiveVersion = 1;
	classes = {
	};
	objectVersion = 50;
	objects = {

/* Begin PBXBuildFile section */
		290414972480863A000E65F1 /* Meme.swift in Sources */ = {isa = PBXBuildFile; fileRef = 290414962480863A000E65F1 /* Meme.swift */; };
		292B19D824804946008291EA /* AppDelegate.swift in Sources */ = {isa = PBXBuildFile; fileRef = 292B19D724804946008291EA /* AppDelegate.swift */; };
		292B19DA24804946008291EA /* SceneDelegate.swift in Sources */ = {isa = PBXBuildFile; fileRef = 292B19D924804946008291EA /* SceneDelegate.swift */; };
		292B19DF24804946008291EA /* Main.storyboard in Resources */ = {isa = PBXBuildFile; fileRef = 292B19DD24804946008291EA /* Main.storyboard */; };
		292B19E124804958008291EA /* Assets.xcassets in Resources */ = {isa = PBXBuildFile; fileRef = 292B19E024804958008291EA /* Assets.xcassets */; };
		292B19E424804958008291EA /* LaunchScreen.storyboard in Resources */ = {isa = PBXBuildFile; fileRef = 292B19E224804958008291EA /* LaunchScreen.storyboard */; };
		2941736B249E3CC6004FE2D9 /* MemeEditorViewController.swift in Sources */ = {isa = PBXBuildFile; fileRef = 29417367249E3CC6004FE2D9 /* MemeEditorViewController.swift */; };
		2941736C249E3CC6004FE2D9 /* MemeDetailViewController.swift in Sources */ = {isa = PBXBuildFile; fileRef = 29417368249E3CC6004FE2D9 /* MemeDetailViewController.swift */; };
		2941736D249E3CC6004FE2D9 /* MemeTableViewController.swift in Sources */ = {isa = PBXBuildFile; fileRef = 29417369249E3CC6004FE2D9 /* MemeTableViewController.swift */; };
		2941736E249E3CC6004FE2D9 /* MemeCollectionViewController.swift in Sources */ = {isa = PBXBuildFile; fileRef = 2941736A249E3CC6004FE2D9 /* MemeCollectionViewController.swift */; };
		29417372249E3D5C004FE2D9 /* MemeCollectionViewCell.swift in Sources */ = {isa = PBXBuildFile; fileRef = 29417370249E3D5B004FE2D9 /* MemeCollectionViewCell.swift */; };
		29417373249E3D5C004FE2D9 /* MemeTableViewCell.swift in Sources */ = {isa = PBXBuildFile; fileRef = 29417371249E3D5C004FE2D9 /* MemeTableViewCell.swift */; };
		295528CB2481859600E937FF /* Constant.swift in Sources */ = {isa = PBXBuildFile; fileRef = 295528CA2481859600E937FF /* Constant.swift */; };
/* End PBXBuildFile section */

/* Begin PBXFileReference section */
		290414962480863A000E65F1 /* Meme.swift */ = {isa = PBXFileReference; lastKnownFileType = sourcecode.swift; path = Meme.swift; sourceTree = "<group>"; };
		292B19D424804946008291EA /* MemeMe1.0.app */ = {isa = PBXFileReference; explicitFileType = wrapper.application; includeInIndex = 0; path = MemeMe1.0.app; sourceTree = BUILT_PRODUCTS_DIR; };
		292B19D724804946008291EA /* AppDelegate.swift */ = {isa = PBXFileReference; lastKnownFileType = sourcecode.swift; path = AppDelegate.swift; sourceTree = "<group>"; };
		292B19D924804946008291EA /* SceneDelegate.swift */ = {isa = PBXFileReference; lastKnownFileType = sourcecode.swift; path = SceneDelegate.swift; sourceTree = "<group>"; };
		292B19DE24804946008291EA /* Base */ = {isa = PBXFileReference; lastKnownFileType = file.storyboard; name = Base; path = Base.lproj/Main.storyboard; sourceTree = "<group>"; };
		292B19E024804958008291EA /* Assets.xcassets */ = {isa = PBXFileReference; lastKnownFileType = folder.assetcatalog; path = Assets.xcassets; sourceTree = "<group>"; };
		292B19E324804958008291EA /* Base */ = {isa = PBXFileReference; lastKnownFileType = file.storyboard; name = Base; path = Base.lproj/LaunchScreen.storyboard; sourceTree = "<group>"; };
		292B19E524804958008291EA /* Info.plist */ = {isa = PBXFileReference; lastKnownFileType = text.plist.xml; path = Info.plist; sourceTree = "<group>"; };
		29417367249E3CC6004FE2D9 /* MemeEditorViewController.swift */ = {isa = PBXFileReference; fileEncoding = 4; lastKnownFileType = sourcecode.swift; path = MemeEditorViewController.swift; sourceTree = "<group>"; };
		29417368249E3CC6004FE2D9 /* MemeDetailViewController.swift */ = {isa = PBXFileReference; fileEncoding = 4; lastKnownFileType = sourcecode.swift; path = MemeDetailViewController.swift; sourceTree = "<group>"; };
		29417369249E3CC6004FE2D9 /* MemeTableViewController.swift */ = {isa = PBXFileReference; fileEncoding = 4; lastKnownFileType = sourcecode.swift; path = MemeTableViewController.swift; sourceTree = "<group>"; };
		2941736A249E3CC6004FE2D9 /* MemeCollectionViewController.swift */ = {isa = PBXFileReference; fileEncoding = 4; lastKnownFileType = sourcecode.swift; path = MemeCollectionViewController.swift; sourceTree = "<group>"; };
		29417370249E3D5B004FE2D9 /* MemeCollectionViewCell.swift */ = {isa = PBXFileReference; fileEncoding = 4; lastKnownFileType = sourcecode.swift; path = MemeCollectionViewCell.swift; sourceTree = "<group>"; };
		29417371249E3D5C004FE2D9 /* MemeTableViewCell.swift */ = {isa = PBXFileReference; fileEncoding = 4; lastKnownFileType = sourcecode.swift; path = MemeTableViewCell.swift; sourceTree = "<group>"; };
		295528CA2481859600E937FF /* Constant.swift */ = {isa = PBXFileReference; lastKnownFileType = sourcecode.swift; path = Constant.swift; sourceTree = "<group>"; };
/* End PBXFileReference section */

/* Begin PBXFrameworksBuildPhase section */
		292B19D124804946008291EA /* Frameworks */ = {
			isa = PBXFrameworksBuildPhase;
			buildActionMask = 2147483647;
			files = (
			);
			runOnlyForDeploymentPostprocessing = 0;
		};
/* End PBXFrameworksBuildPhase section */

/* Begin PBXGroup section */
		2904149824812199000E65F1 /* model */ = {
			isa = PBXGroup;
			children = (
				290414962480863A000E65F1 /* Meme.swift */,
			);
			path = model;
			sourceTree = "<group>";
		};
		292B19CB24804946008291EA = {
			isa = PBXGroup;
			children = (
				292B19D624804946008291EA /* MemeMe1.0 */,
				292B19D524804946008291EA /* Products */,
			);
			sourceTree = "<group>";
		};
		292B19D524804946008291EA /* Products */ = {
			isa = PBXGroup;
			children = (
				292B19D424804946008291EA /* MemeMe1.0.app */,
			);
			name = Products;
			sourceTree = "<group>";
		};
		292B19D624804946008291EA /* MemeMe1.0 */ = {
			isa = PBXGroup;
			children = (
				292B19D724804946008291EA /* AppDelegate.swift */,
				292B19D924804946008291EA /* SceneDelegate.swift */,
				29417374249E3D73004FE2D9 /* cell */,
				2941736F249E3CE9004FE2D9 /* controllers */,
				295528CC2481862400E937FF /* constant */,
				2904149824812199000E65F1 /* model */,
				292B19DD24804946008291EA /* Main.storyboard */,
				292B19E024804958008291EA /* Assets.xcassets */,
				292B19E224804958008291EA /* LaunchScreen.storyboard */,
				292B19E524804958008291EA /* Info.plist */,
			);
			path = MemeMe1.0;
			sourceTree = "<group>";
		};
		2941736F249E3CE9004FE2D9 /* controllers */ = {
			isa = PBXGroup;
			children = (
				2941736A249E3CC6004FE2D9 /* MemeCollectionViewController.swift */,
				29417368249E3CC6004FE2D9 /* MemeDetailViewController.swift */,
				29417367249E3CC6004FE2D9 /* MemeEditorViewController.swift */,
				29417369249E3CC6004FE2D9 /* MemeTableViewController.swift */,
			);
			path = controllers;
			sourceTree = "<group>";
		};
		29417374249E3D73004FE2D9 /* cell */ = {
			isa = PBXGroup;
			children = (
				29417370249E3D5B004FE2D9 /* MemeCollectionViewCell.swift */,
				29417371249E3D5C004FE2D9 /* MemeTableViewCell.swift */,
			);
			path = cell;
			sourceTree = "<group>";
		};
		295528CC2481862400E937FF /* constant */ = {
			isa = PBXGroup;
			children = (
				295528CA2481859600E937FF /* Constant.swift */,
			);
			path = constant;
			sourceTree = "<group>";
		};
/* End PBXGroup section */

/* Begin PBXNativeTarget section */
		292B19D324804946008291EA /* MemeMe1.0 */ = {
			isa = PBXNativeTarget;
			buildConfigurationList = 292B19E824804958008291EA /* Build configuration list for PBXNativeTarget "MemeMe1.0" */;
			buildPhases = (
				292B19D024804946008291EA /* Sources */,
				292B19D124804946008291EA /* Frameworks */,
				292B19D224804946008291EA /* Resources */,
			);
			buildRules = (
			);
			dependencies = (
			);
			name = MemeMe1.0;
			productName = MemeMe1.0;
			productReference = 292B19D424804946008291EA /* MemeMe1.0.app */;
			productType = "com.apple.product-type.application";
		};
/* End PBXNativeTarget section */

/* Begin PBXProject section */
		292B19CC24804946008291EA /* Project object */ = {
			isa = PBXProject;
			attributes = {
				LastSwiftUpdateCheck = 1140;
				LastUpgradeCheck = 1140;
				ORGANIZATIONNAME = Udacity;
				TargetAttributes = {
					292B19D324804946008291EA = {
						CreatedOnToolsVersion = 11.4.1;
					};
				};
			};
			buildConfigurationList = 292B19CF24804946008291EA /* Build configuration list for PBXProject "MemeMe1.0" */;
			compatibilityVersion = "Xcode 9.3";
			developmentRegion = en;
			hasScannedForEncodings = 0;
			knownRegions = (
				en,
				Base,
			);
			mainGroup = 292B19CB24804946008291EA;
			productRefGroup = 292B19D524804946008291EA /* Products */;
			projectDirPath = "";
			projectRoot = "";
			targets = (
				292B19D324804946008291EA /* MemeMe1.0 */,
			);
		};
/* End PBXProject section */

/* Begin PBXResourcesBuildPhase section */
		292B19D224804946008291EA /* Resources */ = {
			isa = PBXResourcesBuildPhase;
			buildActionMask = 2147483647;
			files = (
				292B19E424804958008291EA /* LaunchScreen.storyboard in Resources */,
				292B19E124804958008291EA /* Assets.xcassets in Resources */,
				292B19DF24804946008291EA /* Main.storyboard in Resources */,
			);
			runOnlyForDeploymentPostprocessing = 0;
		};
/* End PBXResourcesBuildPhase section */

/* Begin PBXSourcesBuildPhase section */
		292B19D024804946008291EA /* Sources */ = {
			isa = PBXSourcesBuildPhase;
			buildActionMask = 2147483647;
			files = (
				290414972480863A000E65F1 /* Meme.swift in Sources */,
				295528CB2481859600E937FF /* Constant.swift in Sources */,
				2941736D249E3CC6004FE2D9 /* MemeTableViewController.swift in Sources */,
				29417372249E3D5C004FE2D9 /* MemeCollectionViewCell.swift in Sources */,
				2941736E249E3CC6004FE2D9 /* MemeCollectionViewController.swift in Sources */,
				292B19D824804946008291EA /* AppDelegate.swift in Sources */,
				2941736C249E3CC6004FE2D9 /* MemeDetailViewController.swift in Sources */,
				29417373249E3D5C004FE2D9 /* MemeTableViewCell.swift in Sources */,
				292B19DA24804946008291EA /* SceneDelegate.swift in Sources */,
				2941736B249E3CC6004FE2D9 /* MemeEditorViewController.swift in Sources */,
			);
			runOnlyForDeploymentPostprocessing = 0;
		};
/* End PBXSourcesBuildPhase section */

/* Begin PBXVariantGroup section */
		292B19DD24804946008291EA /* Main.storyboard */ = {
			isa = PBXVariantGroup;
			children = (
				292B19DE24804946008291EA /* Base */,
			);
			name = Main.storyboard;
			sourceTree = "<group>";
		};
		292B19E224804958008291EA /* LaunchScreen.storyboard */ = {
			isa = PBXVariantGroup;
			children = (
				292B19E324804958008291EA /* Base */,
			);
			name = LaunchScreen.storyboard;
			sourceTree = "<group>";
		};
/* End PBXVariantGroup section */

/* Begin XCBuildConfiguration section */
		292B19E624804958008291EA /* Debug */ = {
			isa = XCBuildConfiguration;
			buildSettings = {
				ALWAYS_SEARCH_USER_PATHS = NO;
				CLANG_ANALYZER_NONNULL = YES;
				CLANG_ANALYZER_NUMBER_OBJECT_CONVERSION = YES_AGGRESSIVE;
				CLANG_CXX_LANGUAGE_STANDARD = "gnu++14";
				CLANG_CXX_LIBRARY = "libc++";
				CLANG_ENABLE_MODULES = YES;
				CLANG_ENABLE_OBJC_ARC = YES;
				CLANG_ENABLE_OBJC_WEAK = YES;
				CLANG_WARN_BLOCK_CAPTURE_AUTORELEASING = YES;
				CLANG_WARN_BOOL_CONVERSION = YES;
				CLANG_WARN_COMMA = YES;
				CLANG_WARN_CONSTANT_CONVERSION = YES;
				CLANG_WARN_DEPRECATED_OBJC_IMPLEMENTATIONS = YES;
				CLANG_WARN_DIRECT_OBJC_ISA_USAGE = YES_ERROR;
				CLANG_WARN_DOCUMENTATION_COMMENTS = YES;
				CLANG_WARN_EMPTY_BODY = YES;
				CLANG_WARN_ENUM_CONVERSION = YES;
				CLANG_WARN_INFINITE_RECURSION = YES;
				CLANG_WARN_INT_CONVERSION = YES;
				CLANG_WARN_NON_LITERAL_NULL_CONVERSION = YES;
				CLANG_WARN_OBJC_IMPLICIT_RETAIN_SELF = YES;
				CLANG_WARN_OBJC_LITERAL_CONVERSION = YES;
				CLANG_WARN_OBJC_ROOT_CLASS = YES_ERROR;
				CLANG_WARN_RANGE_LOOP_ANALYSIS = YES;
				CLANG_WARN_STRICT_PROTOTYPES = YES;
				CLANG_WARN_SUSPICIOUS_MOVE = YES;
				CLANG_WARN_UNGUARDED_AVAILABILITY = YES_AGGRESSIVE;
				CLANG_WARN_UNREACHABLE_CODE = YES;
				CLANG_WARN__DUPLICATE_METHOD_MATCH = YES;
				COPY_PHASE_STRIP = NO;
				DEBUG_INFORMATION_FORMAT = dwarf;
				ENABLE_STRICT_OBJC_MSGSEND = YES;
				ENABLE_TESTABILITY = YES;
				GCC_C_LANGUAGE_STANDARD = gnu11;
				GCC_DYNAMIC_NO_PIC = NO;
				GCC_NO_COMMON_BLOCKS = YES;
				GCC_OPTIMIZATION_LEVEL = 0;
				GCC_PREPROCESSOR_DEFINITIONS = (
					"DEBUG=1",
					"$(inherited)",
				);
				GCC_WARN_64_TO_32_BIT_CONVERSION = YES;
				GCC_WARN_ABOUT_RETURN_TYPE = YES_ERROR;
				GCC_WARN_UNDECLARED_SELECTOR = YES;
				GCC_WARN_UNINITIALIZED_AUTOS = YES_AGGRESSIVE;
				GCC_WARN_UNUSED_FUNCTION = YES;
				GCC_WARN_UNUSED_VARIABLE = YES;
				IPHONEOS_DEPLOYMENT_TARGET = 13.4;
				MTL_ENABLE_DEBUG_INFO = INCLUDE_SOURCE;
				MTL_FAST_MATH = YES;
				ONLY_ACTIVE_ARCH = YES;
				SDKROOT = iphoneos;
				SWIFT_ACTIVE_COMPILATION_CONDITIONS = DEBUG;
				SWIFT_OPTIMIZATION_LEVEL = "-Onone";
			};
			name = Debug;
		};
		292B19E724804958008291EA /* Release */ = {
			isa = XCBuildConfiguration;
			buildSettings = {
				ALWAYS_SEARCH_USER_PATHS = NO;
				CLANG_ANALYZER_NONNULL = YES;
				CLANG_ANALYZER_NUMBER_OBJECT_CONVERSION = YES_AGGRESSIVE;
				CLANG_CXX_LANGUAGE_STANDARD = "gnu++14";
				CLANG_CXX_LIBRARY = "libc++";
				CLANG_ENABLE_MODULES = YES;
				CLANG_ENABLE_OBJC_ARC = YES;
				CLANG_ENABLE_OBJC_WEAK = YES;
				CLANG_WARN_BLOCK_CAPTURE_AUTORELEASING = YES;
				CLANG_WARN_BOOL_CONVERSION = YES;
				CLANG_WARN_COMMA = YES;
				CLANG_WARN_CONSTANT_CONVERSION = YES;
				CLANG_WARN_DEPRECATED_OBJC_IMPLEMENTATIONS = YES;
				CLANG_WARN_DIRECT_OBJC_ISA_USAGE = YES_ERROR;
				CLANG_WARN_DOCUMENTATION_COMMENTS = YES;
				CLANG_WARN_EMPTY_BODY = YES;
				CLANG_WARN_ENUM_CONVERSION = YES;
				CLANG_WARN_INFINITE_RECURSION = YES;
				CLANG_WARN_INT_CONVERSION = YES;
				CLANG_WARN_NON_LITERAL_NULL_CONVERSION = YES;
				CLANG_WARN_OBJC_IMPLICIT_RETAIN_SELF = YES;
				CLANG_WARN_OBJC_LITERAL_CONVERSION = YES;
				CLANG_WARN_OBJC_ROOT_CLASS = YES_ERROR;
				CLANG_WARN_RANGE_LOOP_ANALYSIS = YES;
				CLANG_WARN_STRICT_PROTOTYPES = YES;
				CLANG_WARN_SUSPICIOUS_MOVE = YES;
				CLANG_WARN_UNGUARDED_AVAILABILITY = YES_AGGRESSIVE;
				CLANG_WARN_UNREACHABLE_CODE = YES;
				CLANG_WARN__DUPLICATE_METHOD_MATCH = YES;
				COPY_PHASE_STRIP = NO;
				DEBUG_INFORMATION_FORMAT = "dwarf-with-dsym";
				ENABLE_NS_ASSERTIONS = NO;
				ENABLE_STRICT_OBJC_MSGSEND = YES;
				GCC_C_LANGUAGE_STANDARD = gnu11;
				GCC_NO_COMMON_BLOCKS = YES;
				GCC_WARN_64_TO_32_BIT_CONVERSION = YES;
				GCC_WARN_ABOUT_RETURN_TYPE = YES_ERROR;
				GCC_WARN_UNDECLARED_SELECTOR = YES;
				GCC_WARN_UNINITIALIZED_AUTOS = YES_AGGRESSIVE;
				GCC_WARN_UNUSED_FUNCTION = YES;
				GCC_WARN_UNUSED_VARIABLE = YES;
				IPHONEOS_DEPLOYMENT_TARGET = 13.4;
				MTL_ENABLE_DEBUG_INFO = NO;
				MTL_FAST_MATH = YES;
				SDKROOT = iphoneos;
				SWIFT_COMPILATION_MODE = wholemodule;
				SWIFT_OPTIMIZATION_LEVEL = "-O";
				VALIDATE_PRODUCT = YES;
			};
			name = Release;
		};
		292B19E924804958008291EA /* Debug */ = {
			isa = XCBuildConfiguration;
			buildSettings = {
				ASSETCATALOG_COMPILER_APPICON_NAME = AppIcon;
				CODE_SIGN_STYLE = Automatic;
				INFOPLIST_FILE = MemeMe1.0/Info.plist;
				LD_RUNPATH_SEARCH_PATHS = (
					"$(inherited)",
					"@executable_path/Frameworks",
				);
				PRODUCT_BUNDLE_IDENTIFIER = "Wejdan.Alhussain.MemeMe1-0";
				PRODUCT_NAME = "$(TARGET_NAME)";
				SWIFT_VERSION = 5.0;
				TARGETED_DEVICE_FAMILY = "1,2";
			};
			name = Debug;
		};
		292B19EA24804958008291EA /* Release */ = {
			isa = XCBuildConfiguration;
			buildSettings = {
				ASSETCATALOG_COMPILER_APPICON_NAME = AppIcon;
				CODE_SIGN_STYLE = Automatic;
				INFOPLIST_FILE = MemeMe1.0/Info.plist;
				LD_RUNPATH_SEARCH_PATHS = (
					"$(inherited)",
					"@executable_path/Frameworks",
				);
				PRODUCT_BUNDLE_IDENTIFIER = "Wejdan.Alhussain.MemeMe1-0";
				PRODUCT_NAME = "$(TARGET_NAME)";
				SWIFT_VERSION = 5.0;
				TARGETED_DEVICE_FAMILY = "1,2";
			};
			name = Release;
		};
/* End XCBuildConfiguration section */

/* Begin XCConfigurationList section */
		292B19CF24804946008291EA /* Build configuration list for PBXProject "MemeMe1.0" */ = {
			isa = XCConfigurationList;
			buildConfigurations = (
				292B19E624804958008291EA /* Debug */,
				292B19E724804958008291EA /* Release */,
			);
			defaultConfigurationIsVisible = 0;
			defaultConfigurationName = Release;
		};
		292B19E824804958008291EA /* Build configuration list for PBXNativeTarget "MemeMe1.0" */ = {
			isa = XCConfigurationList;
			buildConfigurations = (
				292B19E924804958008291EA /* Debug */,
				292B19EA24804958008291EA /* Release */,
			);
			defaultConfigurationIsVisible = 0;
			defaultConfigurationName = Release;
		};
/* End XCConfigurationList section */
	};
	rootObject = 292B19CC24804946008291EA /* Project object */;
}
